
Microsoft Visual Studio Solution File, Format Version 12.00
# Visual Studio Version 17
VisualStudioVersion = 17.12.35323.107
MinimumVisualStudioVersion = 10.0.40219.1
Project("{FAE04EC0-301F-11D3-BF4B-00C04F79EFBC}") = "FloodRiskPremiumCalculator.Bff.Api", "FloodRiskPremiumCalculator.Bff.Api\FloodRiskPremiumCalculator.Bff.Api.csproj", "{72089151-7BA3-4870-9018-7D13190875A4}"
EndProject
Project("{FAE04EC0-301F-11D3-BF4B-00C04F79EFBC}") = "FloodRiskPremiumCalculator.Ui", "FloodRiskPremiumCalculator.Ui\FloodRiskPremiumCalculator.Ui.csproj", "{C2F2AEE4-CAB5-4A1E-A8B0-1B6EC56678E8}"
EndProject
Project("{FAE04EC0-301F-11D3-BF4B-00C04F79EFBC}") = "FloodRiskPremiumCalculator.Bff.Api.UnitTests", "FloodRiskPremiumCalculator.Bff.Api.UnitTests\FloodRiskPremiumCalculator.Bff.Api.UnitTests.csproj", "{21D68DAB-2E48-4A45-9F8F-29F8859520C1}"
EndProject
Global
	GlobalSection(SolutionConfigurationPlatforms) = preSolution
		Debug|Any CPU = Debug|Any CPU
		Release|Any CPU = Release|Any CPU
	EndGlobalSection
	GlobalSection(ProjectConfigurationPlatforms) = postSolution
		{72089151-7BA3-4870-9018-7D13190875A4}.Debug|Any CPU.ActiveCfg = Debug|Any CPU
		{72089151-7BA3-4870-9018-7D13190875A4}.Debug|Any CPU.Build.0 = Debug|Any CPU
		{72089151-7BA3-4870-9018-7D13190875A4}.Release|Any CPU.ActiveCfg = Release|Any CPU
		{72089151-7BA3-4870-9018-7D13190875A4}.Release|Any CPU.Build.0 = Release|Any CPU
		{C2F2AEE4-CAB5-4A1E-A8B0-1B6EC56678E8}.Debug|Any CPU.ActiveCfg = Debug|Any CPU
		{C2F2AEE4-CAB5-4A1E-A8B0-1B6EC56678E8}.Debug|Any CPU.Build.0 = Debug|Any CPU
		{C2F2AEE4-CAB5-4A1E-A8B0-1B6EC56678E8}.Release|Any CPU.ActiveCfg = Release|Any CPU
		{C2F2AEE4-CAB5-4A1E-A8B0-1B6EC56678E8}.Release|Any CPU.Build.0 = Release|Any CPU
		{21D68DAB-2E48-4A45-9F8F-29F8859520C1}.Debug|Any CPU.ActiveCfg = Debug|Any CPU
		{21D68DAB-2E48-4A45-9F8F-29F8859520C1}.Debug|Any CPU.Build.0 = Debug|Any CPU
		{21D68DAB-2E48-4A45-9F8F-29F8859520C1}.Release|Any CPU.ActiveCfg = Release|Any CPU
		{21D68DAB-2E48-4A45-9F8F-29F8859520C1}.Release|Any CPU.Build.0 = Release|Any CPU
	EndGlobalSection
	GlobalSection(SolutionProperties) = preSolution
		HideSolutionNode = FALSE
	EndGlobalSection
	GlobalSection(ExtensibilityGlobals) = postSolution
		SolutionGuid = {8C4C8D53-3938-4101-AC57-99D8783578DB}
	EndGlobalSection
EndGlobal
